
Microsoft Visual Studio Solution File, Format Version 9.00
# Visual Studio 2005
Project("{FAE04EC0-301F-11D3-BF4B-00C04F79EFBC}") = "LuaEdit", "LuaEdit.csproj", "{AF6848DB-7CEB-4D83-B57F-C656D896B4FC}"
	ProjectSection(ProjectDependencies) = postProject
		{3814F627-858A-42A3-9AAF-CD649413F2A8} = {3814F627-858A-42A3-9AAF-CD649413F2A8}
		{0A82CC4C-9A27-461C-8DB0-A65AC6393748} = {0A82CC4C-9A27-461C-8DB0-A65AC6393748}
		{909AD284-7020-4FA9-A55E-7C633A641724} = {909AD284-7020-4FA9-A55E-7C633A641724}
		{D3C782BA-178E-4235-A3BA-8C11DEBB6BEE} = {D3C782BA-178E-4235-A3BA-8C11DEBB6BEE}
		{EA8683D3-A5EF-44CB-B370-ACE8960A1BF7} = {EA8683D3-A5EF-44CB-B370-ACE8960A1BF7}
		{A9AF2EDB-4896-43D2-95A2-D8C881CA8C05} = {A9AF2EDB-4896-43D2-95A2-D8C881CA8C05}
	EndProjectSection
EndProject
Project("{2150E333-8FDC-42A3-9474-1A3956D46DE8}") = "Components", "Components", "{6167FA83-EF44-4376-B955-1BB2ACCD2D88}"
EndProject
Project("{2150E333-8FDC-42A3-9474-1A3956D46DE8}") = "Framework", "Framework", "{1357E73F-ACE2-427D-9593-A08D58A06C86}"
EndProject
Project("{FAE04EC0-301F-11D3-BF4B-00C04F79EFBC}") = "FrameworkManager", "..\..\Framework\FrameworkManager\FrameworkManager.csproj", "{98BDC36E-7464-4A8A-9518-83ABDDDDDCAC}"
EndProject
Project("{FAE04EC0-301F-11D3-BF4B-00C04F79EFBC}") = "DocumentFactory", "..\..\Framework\DocumentFactory\DocumentFactory.csproj", "{9DBAB6F6-EA16-4889-AF2B-49C88BD70298}"
EndProject
Project("{FAE04EC0-301F-11D3-BF4B-00C04F79EFBC}") = "LuaEditInterfaces", "..\..\Framework\LuaEditInterfaces\LuaEditInterfaces.csproj", "{9F357673-5041-467C-B97B-824AE4035542}"
EndProject
Project("{FAE04EC0-301F-11D3-BF4B-00C04F79EFBC}") = "LuaEditControls", "..\..\Framework\LuaEditControls\LuaEditControls.csproj", "{FECF7EDD-EED7-468B-8AA0-077E5B58B004}"
EndProject
Project("{FAE04EC0-301F-11D3-BF4B-00C04F79EFBC}") = "DotNetLib.Controls", "..\..\Components\TreeListView\DotNetLib.Controls.csproj", "{BBD77471-F50D-4CFB-8C9C-0F84B31C62F2}"
EndProject
Project("{FAE04EC0-301F-11D3-BF4B-00C04F79EFBC}") = "ICSharpCode.SharpZLib", "..\..\Components\SharpZipLib\ICSharpCode.SharpZLib.csproj", "{0E7413FF-EB9E-4714-ACF2-BE3A6A7B2FFD}"
EndProject
Project("{2150E333-8FDC-42A3-9474-1A3956D46DE8}") = "Lua", "Lua", "{DD5D7FE9-85B6-4FF7-9E1B-6D64866DF300}"
EndProject
Project("{8BC9CEB8-8B4A-11D0-8D11-00A0C91BC942}") = "lua51", "..\..\Components\Lua\lua\lua51.vcproj", "{0A82CC4C-9A27-461C-8DB0-A65AC6393748}"
EndProject
Project("{FAE04EC0-301F-11D3-BF4B-00C04F79EFBC}") = "LuaInterface", "..\..\Components\Lua\LuaInterface\LuaInterface.csproj", "{F55CABBB-4108-4A39-94E1-581FD46DC021}"
EndProject
Project("{FAE04EC0-301F-11D3-BF4B-00C04F79EFBC}") = "LuaEditDebugger", "..\..\Framework\RemoteDebug\LuaEditDebugger.csproj", "{A9DE5F2B-FF75-46D7-A117-E8716AE4FFCA}"
	ProjectSection(ProjectDependencies) = postProject
		{A9AF2EDB-4896-43D2-95A2-D8C881CA8C05} = {A9AF2EDB-4896-43D2-95A2-D8C881CA8C05}
	EndProjectSection
EndProject
Project("{FAE04EC0-301F-11D3-BF4B-00C04F79EFBC}") = "Rpc", "..\Rpc\Rpc.csproj", "{B1AF44E8-9277-4131-ABF4-D13C67E5FB10}"
EndProject
Project("{2150E333-8FDC-42A3-9474-1A3956D46DE8}") = "Fireball", "Fireball", "{8A51C074-E560-43B4-8C82-8A054A84DB31}"
EndProject
Project("{FAE04EC0-301F-11D3-BF4B-00C04F79EFBC}") = "Fireball.CodeEditor", "..\..\Components\Fireball\Fireball.CodeEditor\Fireball.CodeEditor\Fireball.CodeEditor.csproj", "{94BFA44A-F4D0-4605-88E6-3ADD498F5E16}"
EndProject
Project("{FAE04EC0-301F-11D3-BF4B-00C04F79EFBC}") = "Fireball.CodeEditor.SyntaxFiles", "..\..\Components\Fireball\Fireball.CodeEditor.SyntaxFiles\Fireball.CodeEditor.SyntaxFiles.csproj", "{3814F627-858A-42A3-9AAF-CD649413F2A8}"
EndProject
Project("{FAE04EC0-301F-11D3-BF4B-00C04F79EFBC}") = "Fireball.Core", "..\..\Components\Fireball\Fireball.Core\Fireball.Core.csproj", "{909AD284-7020-4FA9-A55E-7C633A641724}"
EndProject
Project("{FAE04EC0-301F-11D3-BF4B-00C04F79EFBC}") = "Fireball.Docking", "..\..\Components\Fireball\Fireball.Docking\Fireball.Docking\Fireball.Docking.csproj", "{D3C782BA-178E-4235-A3BA-8C11DEBB6BEE}"
EndProject
Project("{FAE04EC0-301F-11D3-BF4B-00C04F79EFBC}") = "Fireball.Plugins", "..\..\Components\Fireball\Fireball.Plugins\Fireball.Plugins\Fireball.Plugins.csproj", "{582EB5E5-75F1-4BD4-8CDB-AEC5F9E201B2}"
EndProject
Project("{FAE04EC0-301F-11D3-BF4B-00C04F79EFBC}") = "Fireball.Printing", "..\..\Components\Fireball\Fireball.Printing\Fireball.Printing\Fireball.Printing.csproj", "{DAA87377-3E4B-4FE2-B932-D4DC38526FFF}"
EndProject
Project("{FAE04EC0-301F-11D3-BF4B-00C04F79EFBC}") = "Fireball.SyntaxDocument", "..\..\Components\Fireball\Fireball.SyntaxDocument\Fireball.SyntaxDocument.csproj", "{3F43BAB0-22B4-4FD6-9655-8BA214A093A5}"
EndProject
Project("{FAE04EC0-301F-11D3-BF4B-00C04F79EFBC}") = "Fireball.Win32", "..\..\Components\Fireball\Fireball.Win32\Fireball.Win32\Fireball.Win32.csproj", "{A72D738D-B07F-4920-B4E7-543D18967FBF}"
EndProject
Project("{FAE04EC0-301F-11D3-BF4B-00C04F79EFBC}") = "Fireball.Windows.Forms", "..\..\Components\Fireball\Fireball.Windows.Forms\Fireball.Windows.Forms.csproj", "{0E253078-0AFA-4B69-B27A-001B96735D60}"
EndProject
Project("{FAE04EC0-301F-11D3-BF4B-00C04F79EFBC}") = "WinFormsUI", "..\..\Components\DockPanel\WinFormsUI\WinFormsUI.csproj", "{C75532C4-765B-418E-B09B-46D36B2ABDB1}"
EndProject
Project("{FAE04EC0-301F-11D3-BF4B-00C04F79EFBC}") = "LuaEditUtils", "..\LuaEditUtils\LuaEditUtils.csproj", "{EA8683D3-A5EF-44CB-B370-ACE8960A1BF7}"
EndProject
Project("{FAE04EC0-301F-11D3-BF4B-00C04F79EFBC}") = "LuaEditWin32", "..\..\Framework\LuaEditWin32\LuaEditWin32.csproj", "{99E82EFE-83F9-421E-880B-AE94D54BB44C}"
EndProject
Project("{FAE04EC0-301F-11D3-BF4B-00C04F79EFBC}") = "LuaEditDocuments", "..\..\Framework\LuaEditDocuments\LuaEditDocuments.csproj", "{6177939E-990C-4D8B-8A41-B9EFA8D43A04}"
EndProject
Project("{8BC9CEB8-8B4A-11D0-8D11-00A0C91BC942}") = "RemoteDebugger", "..\Rpc\RemoteDebugger\RemoteDebugger.vcproj", "{A9AF2EDB-4896-43D2-95A2-D8C881CA8C05}"
	ProjectSection(ProjectDependencies) = postProject
		{0A82CC4C-9A27-461C-8DB0-A65AC6393748} = {0A82CC4C-9A27-461C-8DB0-A65AC6393748}
	EndProjectSection
EndProject
Project("{2150E333-8FDC-42A3-9474-1A3956D46DE8}") = "Samples", "Samples", "{F91F53A9-F12E-4BF8-9BA8-A1EE830EAB3C}"
EndProject
Project("{2150E333-8FDC-42A3-9474-1A3956D46DE8}") = "RemoteDebug", "RemoteDebug", "{19F6AE08-D57E-4258-A7B5-0E4B9F09BFEF}"
EndProject
Project("{8BC9CEB8-8B4A-11D0-8D11-00A0C91BC942}") = "lua_rdbg", "..\..\Samples\Remote Debug\lua_rdbg\lua_rdbg.vcproj", "{6DD247B6-0F0F-428D-A122-1F4E06ABD493}"
	ProjectSection(ProjectDependencies) = postProject
		{136921E7-A856-4522-8F2C-A04238A5225F} = {136921E7-A856-4522-8F2C-A04238A5225F}
	EndProjectSection
EndProject
Project("{8BC9CEB8-8B4A-11D0-8D11-00A0C91BC942}") = "RemoteDebuggerLib", "..\Rpc\RemoteDebugger\RemoteDebuggerLib.vcproj", "{136921E7-A856-4522-8F2C-A04238A5225F}"
	ProjectSection(ProjectDependencies) = postProject
		{0A82CC4C-9A27-461C-8DB0-A65AC6393748} = {0A82CC4C-9A27-461C-8DB0-A65AC6393748}
	EndProjectSection
EndProject
Global
	GlobalSection(SolutionConfigurationPlatforms) = preSolution
		Debug|Any CPU = Debug|Any CPU
		Debug|Mixed Platforms = Debug|Mixed Platforms
		Debug|Win32 = Debug|Win32
		Release|Any CPU = Release|Any CPU
		Release|Mixed Platforms = Release|Mixed Platforms
		Release|Win32 = Release|Win32
		TEST|Any CPU = TEST|Any CPU
		TEST|Mixed Platforms = TEST|Mixed Platforms
		TEST|Win32 = TEST|Win32
	EndGlobalSection
	GlobalSection(ProjectConfigurationPlatforms) = postSolution
		{AF6848DB-7CEB-4D83-B57F-C656D896B4FC}.Debug|Any CPU.ActiveCfg = Debug|Any CPU
		{AF6848DB-7CEB-4D83-B57F-C656D896B4FC}.Debug|Any CPU.Build.0 = Debug|Any CPU
		{AF6848DB-7CEB-4D83-B57F-C656D896B4FC}.Debug|Mixed Platforms.ActiveCfg = Debug|Any CPU
		{AF6848DB-7CEB-4D83-B57F-C656D896B4FC}.Debug|Mixed Platforms.Build.0 = Debug|Any CPU
		{AF6848DB-7CEB-4D83-B57F-C656D896B4FC}.Debug|Win32.ActiveCfg = Debug|Any CPU
		{AF6848DB-7CEB-4D83-B57F-C656D896B4FC}.Release|Any CPU.ActiveCfg = Release|Any CPU
		{AF6848DB-7CEB-4D83-B57F-C656D896B4FC}.Release|Any CPU.Build.0 = Release|Any CPU
		{AF6848DB-7CEB-4D83-B57F-C656D896B4FC}.Release|Mixed Platforms.ActiveCfg = Release|Any CPU
		{AF6848DB-7CEB-4D83-B57F-C656D896B4FC}.Release|Mixed Platforms.Build.0 = Release|Any CPU
		{AF6848DB-7CEB-4D83-B57F-C656D896B4FC}.Release|Win32.ActiveCfg = Release|Any CPU
		{AF6848DB-7CEB-4D83-B57F-C656D896B4FC}.TEST|Any CPU.ActiveCfg = Release|Any CPU
		{AF6848DB-7CEB-4D83-B57F-C656D896B4FC}.TEST|Any CPU.Build.0 = Release|Any CPU
		{AF6848DB-7CEB-4D83-B57F-C656D896B4FC}.TEST|Mixed Platforms.ActiveCfg = Release|Any CPU
		{AF6848DB-7CEB-4D83-B57F-C656D896B4FC}.TEST|Mixed Platforms.Build.0 = Release|Any CPU
		{AF6848DB-7CEB-4D83-B57F-C656D896B4FC}.TEST|Win32.ActiveCfg = Release|Any CPU
		{98BDC36E-7464-4A8A-9518-83ABDDDDDCAC}.Debug|Any CPU.ActiveCfg = Debug|Any CPU
		{98BDC36E-7464-4A8A-9518-83ABDDDDDCAC}.Debug|Any CPU.Build.0 = Debug|Any CPU
		{98BDC36E-7464-4A8A-9518-83ABDDDDDCAC}.Debug|Mixed Platforms.ActiveCfg = Debug|Any CPU
		{98BDC36E-7464-4A8A-9518-83ABDDDDDCAC}.Debug|Mixed Platforms.Build.0 = Debug|Any CPU
		{98BDC36E-7464-4A8A-9518-83ABDDDDDCAC}.Debug|Win32.ActiveCfg = Debug|Any CPU
		{98BDC36E-7464-4A8A-9518-83ABDDDDDCAC}.Release|Any CPU.ActiveCfg = Release|Any CPU
		{98BDC36E-7464-4A8A-9518-83ABDDDDDCAC}.Release|Any CPU.Build.0 = Release|Any CPU
		{98BDC36E-7464-4A8A-9518-83ABDDDDDCAC}.Release|Mixed Platforms.ActiveCfg = Release|Any CPU
		{98BDC36E-7464-4A8A-9518-83ABDDDDDCAC}.Release|Mixed Platforms.Build.0 = Release|Any CPU
		{98BDC36E-7464-4A8A-9518-83ABDDDDDCAC}.Release|Win32.ActiveCfg = Release|Any CPU
		{98BDC36E-7464-4A8A-9518-83ABDDDDDCAC}.TEST|Any CPU.ActiveCfg = Release|Any CPU
		{98BDC36E-7464-4A8A-9518-83ABDDDDDCAC}.TEST|Any CPU.Build.0 = Release|Any CPU
		{98BDC36E-7464-4A8A-9518-83ABDDDDDCAC}.TEST|Mixed Platforms.ActiveCfg = Release|Any CPU
		{98BDC36E-7464-4A8A-9518-83ABDDDDDCAC}.TEST|Mixed Platforms.Build.0 = Release|Any CPU
		{98BDC36E-7464-4A8A-9518-83ABDDDDDCAC}.TEST|Win32.ActiveCfg = Release|Any CPU
		{9DBAB6F6-EA16-4889-AF2B-49C88BD70298}.Debug|Any CPU.ActiveCfg = Debug|Any CPU
		{9DBAB6F6-EA16-4889-AF2B-49C88BD70298}.Debug|Any CPU.Build.0 = Debug|Any CPU
		{9DBAB6F6-EA16-4889-AF2B-49C88BD70298}.Debug|Mixed Platforms.ActiveCfg = Debug|Any CPU
		{9DBAB6F6-EA16-4889-AF2B-49C88BD70298}.Debug|Mixed Platforms.Build.0 = Debug|Any CPU
		{9DBAB6F6-EA16-4889-AF2B-49C88BD70298}.Debug|Win32.ActiveCfg = Debug|Any CPU
		{9DBAB6F6-EA16-4889-AF2B-49C88BD70298}.Release|Any CPU.ActiveCfg = Release|Any CPU
		{9DBAB6F6-EA16-4889-AF2B-49C88BD70298}.Release|Any CPU.Build.0 = Release|Any CPU
		{9DBAB6F6-EA16-4889-AF2B-49C88BD70298}.Release|Mixed Platforms.ActiveCfg = Release|Any CPU
		{9DBAB6F6-EA16-4889-AF2B-49C88BD70298}.Release|Mixed Platforms.Build.0 = Release|Any CPU
		{9DBAB6F6-EA16-4889-AF2B-49C88BD70298}.Release|Win32.ActiveCfg = Release|Any CPU
		{9DBAB6F6-EA16-4889-AF2B-49C88BD70298}.TEST|Any CPU.ActiveCfg = Release|Any CPU
		{9DBAB6F6-EA16-4889-AF2B-49C88BD70298}.TEST|Any CPU.Build.0 = Release|Any CPU
		{9DBAB6F6-EA16-4889-AF2B-49C88BD70298}.TEST|Mixed Platforms.ActiveCfg = Release|Any CPU
		{9DBAB6F6-EA16-4889-AF2B-49C88BD70298}.TEST|Mixed Platforms.Build.0 = Release|Any CPU
		{9DBAB6F6-EA16-4889-AF2B-49C88BD70298}.TEST|Win32.ActiveCfg = Release|Any CPU
		{9F357673-5041-467C-B97B-824AE4035542}.Debug|Any CPU.ActiveCfg = Debug|Any CPU
		{9F357673-5041-467C-B97B-824AE4035542}.Debug|Any CPU.Build.0 = Debug|Any CPU
		{9F357673-5041-467C-B97B-824AE4035542}.Debug|Mixed Platforms.ActiveCfg = Debug|Any CPU
		{9F357673-5041-467C-B97B-824AE4035542}.Debug|Mixed Platforms.Build.0 = Debug|Any CPU
		{9F357673-5041-467C-B97B-824AE4035542}.Debug|Win32.ActiveCfg = Debug|Any CPU
		{9F357673-5041-467C-B97B-824AE4035542}.Release|Any CPU.ActiveCfg = Release|Any CPU
		{9F357673-5041-467C-B97B-824AE4035542}.Release|Any CPU.Build.0 = Release|Any CPU
		{9F357673-5041-467C-B97B-824AE4035542}.Release|Mixed Platforms.ActiveCfg = Release|Any CPU
		{9F357673-5041-467C-B97B-824AE4035542}.Release|Mixed Platforms.Build.0 = Release|Any CPU
		{9F357673-5041-467C-B97B-824AE4035542}.Release|Win32.ActiveCfg = Release|Any CPU
		{9F357673-5041-467C-B97B-824AE4035542}.TEST|Any CPU.ActiveCfg = Release|Any CPU
		{9F357673-5041-467C-B97B-824AE4035542}.TEST|Any CPU.Build.0 = Release|Any CPU
		{9F357673-5041-467C-B97B-824AE4035542}.TEST|Mixed Platforms.ActiveCfg = Release|Any CPU
		{9F357673-5041-467C-B97B-824AE4035542}.TEST|Mixed Platforms.Build.0 = Release|Any CPU
		{9F357673-5041-467C-B97B-824AE4035542}.TEST|Win32.ActiveCfg = Release|Any CPU
		{FECF7EDD-EED7-468B-8AA0-077E5B58B004}.Debug|Any CPU.ActiveCfg = Debug|Any CPU
		{FECF7EDD-EED7-468B-8AA0-077E5B58B004}.Debug|Any CPU.Build.0 = Debug|Any CPU
		{FECF7EDD-EED7-468B-8AA0-077E5B58B004}.Debug|Mixed Platforms.ActiveCfg = Debug|Any CPU
		{FECF7EDD-EED7-468B-8AA0-077E5B58B004}.Debug|Mixed Platforms.Build.0 = Debug|Any CPU
		{FECF7EDD-EED7-468B-8AA0-077E5B58B004}.Debug|Win32.ActiveCfg = Debug|Any CPU
		{FECF7EDD-EED7-468B-8AA0-077E5B58B004}.Release|Any CPU.ActiveCfg = Release|Any CPU
		{FECF7EDD-EED7-468B-8AA0-077E5B58B004}.Release|Any CPU.Build.0 = Release|Any CPU
		{FECF7EDD-EED7-468B-8AA0-077E5B58B004}.Release|Mixed Platforms.ActiveCfg = Release|Any CPU
		{FECF7EDD-EED7-468B-8AA0-077E5B58B004}.Release|Mixed Platforms.Build.0 = Release|Any CPU
		{FECF7EDD-EED7-468B-8AA0-077E5B58B004}.Release|Win32.ActiveCfg = Release|Any CPU
		{FECF7EDD-EED7-468B-8AA0-077E5B58B004}.TEST|Any CPU.ActiveCfg = Release|Any CPU
		{FECF7EDD-EED7-468B-8AA0-077E5B58B004}.TEST|Any CPU.Build.0 = Release|Any CPU
		{FECF7EDD-EED7-468B-8AA0-077E5B58B004}.TEST|Mixed Platforms.ActiveCfg = Release|Any CPU
		{FECF7EDD-EED7-468B-8AA0-077E5B58B004}.TEST|Mixed Platforms.Build.0 = Release|Any CPU
		{FECF7EDD-EED7-468B-8AA0-077E5B58B004}.TEST|Win32.ActiveCfg = Release|Any CPU
		{BBD77471-F50D-4CFB-8C9C-0F84B31C62F2}.Debug|Any CPU.ActiveCfg = Debug|Any CPU
		{BBD77471-F50D-4CFB-8C9C-0F84B31C62F2}.Debug|Any CPU.Build.0 = Debug|Any CPU
		{BBD77471-F50D-4CFB-8C9C-0F84B31C62F2}.Debug|Mixed Platforms.ActiveCfg = Debug|Any CPU
		{BBD77471-F50D-4CFB-8C9C-0F84B31C62F2}.Debug|Mixed Platforms.Build.0 = Debug|Any CPU
		{BBD77471-F50D-4CFB-8C9C-0F84B31C62F2}.Debug|Win32.ActiveCfg = Debug|Any CPU
		{BBD77471-F50D-4CFB-8C9C-0F84B31C62F2}.Release|Any CPU.ActiveCfg = Release|Any CPU
		{BBD77471-F50D-4CFB-8C9C-0F84B31C62F2}.Release|Any CPU.Build.0 = Release|Any CPU
		{BBD77471-F50D-4CFB-8C9C-0F84B31C62F2}.Release|Mixed Platforms.ActiveCfg = Release|Any CPU
		{BBD77471-F50D-4CFB-8C9C-0F84B31C62F2}.Release|Mixed Platforms.Build.0 = Release|Any CPU
		{BBD77471-F50D-4CFB-8C9C-0F84B31C62F2}.Release|Win32.ActiveCfg = Release|Any CPU
		{BBD77471-F50D-4CFB-8C9C-0F84B31C62F2}.TEST|Any CPU.ActiveCfg = Release|Any CPU
		{BBD77471-F50D-4CFB-8C9C-0F84B31C62F2}.TEST|Any CPU.Build.0 = Release|Any CPU
		{BBD77471-F50D-4CFB-8C9C-0F84B31C62F2}.TEST|Mixed Platforms.ActiveCfg = Release|Any CPU
		{BBD77471-F50D-4CFB-8C9C-0F84B31C62F2}.TEST|Mixed Platforms.Build.0 = Release|Any CPU
		{BBD77471-F50D-4CFB-8C9C-0F84B31C62F2}.TEST|Win32.ActiveCfg = Release|Any CPU
		{0E7413FF-EB9E-4714-ACF2-BE3A6A7B2FFD}.Debug|Any CPU.ActiveCfg = Debug|Any CPU
		{0E7413FF-EB9E-4714-ACF2-BE3A6A7B2FFD}.Debug|Any CPU.Build.0 = Debug|Any CPU
		{0E7413FF-EB9E-4714-ACF2-BE3A6A7B2FFD}.Debug|Mixed Platforms.ActiveCfg = Debug|Any CPU
		{0E7413FF-EB9E-4714-ACF2-BE3A6A7B2FFD}.Debug|Mixed Platforms.Build.0 = Debug|Any CPU
		{0E7413FF-EB9E-4714-ACF2-BE3A6A7B2FFD}.Debug|Win32.ActiveCfg = Debug|Any CPU
		{0E7413FF-EB9E-4714-ACF2-BE3A6A7B2FFD}.Release|Any CPU.ActiveCfg = Release|Any CPU
		{0E7413FF-EB9E-4714-ACF2-BE3A6A7B2FFD}.Release|Any CPU.Build.0 = Release|Any CPU
		{0E7413FF-EB9E-4714-ACF2-BE3A6A7B2FFD}.Release|Mixed Platforms.ActiveCfg = Release|Any CPU
		{0E7413FF-EB9E-4714-ACF2-BE3A6A7B2FFD}.Release|Mixed Platforms.Build.0 = Release|Any CPU
		{0E7413FF-EB9E-4714-ACF2-BE3A6A7B2FFD}.Release|Win32.ActiveCfg = Release|Any CPU
		{0E7413FF-EB9E-4714-ACF2-BE3A6A7B2FFD}.TEST|Any CPU.ActiveCfg = Debug|Any CPU
		{0E7413FF-EB9E-4714-ACF2-BE3A6A7B2FFD}.TEST|Any CPU.Build.0 = Debug|Any CPU
		{0E7413FF-EB9E-4714-ACF2-BE3A6A7B2FFD}.TEST|Mixed Platforms.ActiveCfg = Debug|Any CPU
		{0E7413FF-EB9E-4714-ACF2-BE3A6A7B2FFD}.TEST|Mixed Platforms.Build.0 = Debug|Any CPU
		{0E7413FF-EB9E-4714-ACF2-BE3A6A7B2FFD}.TEST|Win32.ActiveCfg = Debug|Any CPU
		{0A82CC4C-9A27-461C-8DB0-A65AC6393748}.Debug|Any CPU.ActiveCfg = Debug|Win32
		{0A82CC4C-9A27-461C-8DB0-A65AC6393748}.Debug|Any CPU.Build.0 = Debug|Win32
		{0A82CC4C-9A27-461C-8DB0-A65AC6393748}.Debug|Mixed Platforms.ActiveCfg = Debug|Win32
		{0A82CC4C-9A27-461C-8DB0-A65AC6393748}.Debug|Mixed Platforms.Build.0 = Debug|Win32
		{0A82CC4C-9A27-461C-8DB0-A65AC6393748}.Debug|Win32.ActiveCfg = Debug|Win32
		{0A82CC4C-9A27-461C-8DB0-A65AC6393748}.Debug|Win32.Build.0 = Debug|Win32
		{0A82CC4C-9A27-461C-8DB0-A65AC6393748}.Release|Any CPU.ActiveCfg = Release|Win32
		{0A82CC4C-9A27-461C-8DB0-A65AC6393748}.Release|Any CPU.Build.0 = Release|Win32
		{0A82CC4C-9A27-461C-8DB0-A65AC6393748}.Release|Mixed Platforms.ActiveCfg = Release|Win32
		{0A82CC4C-9A27-461C-8DB0-A65AC6393748}.Release|Mixed Platforms.Build.0 = Release|Win32
		{0A82CC4C-9A27-461C-8DB0-A65AC6393748}.Release|Win32.ActiveCfg = Release|Win32
		{0A82CC4C-9A27-461C-8DB0-A65AC6393748}.Release|Win32.Build.0 = Release|Win32
		{0A82CC4C-9A27-461C-8DB0-A65AC6393748}.TEST|Any CPU.ActiveCfg = Release|Win32
		{0A82CC4C-9A27-461C-8DB0-A65AC6393748}.TEST|Mixed Platforms.ActiveCfg = Release|Win32
		{0A82CC4C-9A27-461C-8DB0-A65AC6393748}.TEST|Mixed Platforms.Build.0 = Release|Win32
		{0A82CC4C-9A27-461C-8DB0-A65AC6393748}.TEST|Win32.ActiveCfg = Release|Win32
		{0A82CC4C-9A27-461C-8DB0-A65AC6393748}.TEST|Win32.Build.0 = Release|Win32
		{F55CABBB-4108-4A39-94E1-581FD46DC021}.Debug|Any CPU.ActiveCfg = Debug|Any CPU
		{F55CABBB-4108-4A39-94E1-581FD46DC021}.Debug|Any CPU.Build.0 = Debug|Any CPU
		{F55CABBB-4108-4A39-94E1-581FD46DC021}.Debug|Mixed Platforms.ActiveCfg = Debug|Any CPU
		{F55CABBB-4108-4A39-94E1-581FD46DC021}.Debug|Mixed Platforms.Build.0 = Debug|Any CPU
		{F55CABBB-4108-4A39-94E1-581FD46DC021}.Debug|Win32.ActiveCfg = Debug|Any CPU
		{F55CABBB-4108-4A39-94E1-581FD46DC021}.Release|Any CPU.ActiveCfg = Release|Any CPU
		{F55CABBB-4108-4A39-94E1-581FD46DC021}.Release|Any CPU.Build.0 = Release|Any CPU
		{F55CABBB-4108-4A39-94E1-581FD46DC021}.Release|Mixed Platforms.ActiveCfg = Release|Any CPU
		{F55CABBB-4108-4A39-94E1-581FD46DC021}.Release|Mixed Platforms.Build.0 = Release|Any CPU
		{F55CABBB-4108-4A39-94E1-581FD46DC021}.Release|Win32.ActiveCfg = Release|Any CPU
		{F55CABBB-4108-4A39-94E1-581FD46DC021}.TEST|Any CPU.ActiveCfg = Release|Any CPU
		{F55CABBB-4108-4A39-94E1-581FD46DC021}.TEST|Any CPU.Build.0 = Release|Any CPU
		{F55CABBB-4108-4A39-94E1-581FD46DC021}.TEST|Mixed Platforms.ActiveCfg = Release|Any CPU
		{F55CABBB-4108-4A39-94E1-581FD46DC021}.TEST|Mixed Platforms.Build.0 = Release|Any CPU
		{F55CABBB-4108-4A39-94E1-581FD46DC021}.TEST|Win32.ActiveCfg = Release|Any CPU
		{A9DE5F2B-FF75-46D7-A117-E8716AE4FFCA}.Debug|Any CPU.ActiveCfg = Debug|Any CPU
		{A9DE5F2B-FF75-46D7-A117-E8716AE4FFCA}.Debug|Any CPU.Build.0 = Debug|Any CPU
		{A9DE5F2B-FF75-46D7-A117-E8716AE4FFCA}.Debug|Mixed Platforms.ActiveCfg = Debug|Any CPU
		{A9DE5F2B-FF75-46D7-A117-E8716AE4FFCA}.Debug|Mixed Platforms.Build.0 = Debug|Any CPU
		{A9DE5F2B-FF75-46D7-A117-E8716AE4FFCA}.Debug|Win32.ActiveCfg = Debug|Any CPU
		{A9DE5F2B-FF75-46D7-A117-E8716AE4FFCA}.Release|Any CPU.ActiveCfg = Release|Any CPU
		{A9DE5F2B-FF75-46D7-A117-E8716AE4FFCA}.Release|Any CPU.Build.0 = Release|Any CPU
		{A9DE5F2B-FF75-46D7-A117-E8716AE4FFCA}.Release|Mixed Platforms.ActiveCfg = Release|Any CPU
		{A9DE5F2B-FF75-46D7-A117-E8716AE4FFCA}.Release|Mixed Platforms.Build.0 = Release|Any CPU
		{A9DE5F2B-FF75-46D7-A117-E8716AE4FFCA}.Release|Win32.ActiveCfg = Release|Any CPU
		{A9DE5F2B-FF75-46D7-A117-E8716AE4FFCA}.TEST|Any CPU.ActiveCfg = Release|Any CPU
		{A9DE5F2B-FF75-46D7-A117-E8716AE4FFCA}.TEST|Any CPU.Build.0 = Release|Any CPU
		{A9DE5F2B-FF75-46D7-A117-E8716AE4FFCA}.TEST|Mixed Platforms.ActiveCfg = Release|Any CPU
		{A9DE5F2B-FF75-46D7-A117-E8716AE4FFCA}.TEST|Mixed Platforms.Build.0 = Release|Any CPU
		{A9DE5F2B-FF75-46D7-A117-E8716AE4FFCA}.TEST|Win32.ActiveCfg = Release|Any CPU
		{B1AF44E8-9277-4131-ABF4-D13C67E5FB10}.Debug|Any CPU.ActiveCfg = Debug|Any CPU
		{B1AF44E8-9277-4131-ABF4-D13C67E5FB10}.Debug|Any CPU.Build.0 = Debug|Any CPU
		{B1AF44E8-9277-4131-ABF4-D13C67E5FB10}.Debug|Mixed Platforms.ActiveCfg = Debug|Any CPU
		{B1AF44E8-9277-4131-ABF4-D13C67E5FB10}.Debug|Mixed Platforms.Build.0 = Debug|Any CPU
		{B1AF44E8-9277-4131-ABF4-D13C67E5FB10}.Debug|Win32.ActiveCfg = Debug|Any CPU
		{B1AF44E8-9277-4131-ABF4-D13C67E5FB10}.Release|Any CPU.ActiveCfg = Release|Any CPU
		{B1AF44E8-9277-4131-ABF4-D13C67E5FB10}.Release|Any CPU.Build.0 = Release|Any CPU
		{B1AF44E8-9277-4131-ABF4-D13C67E5FB10}.Release|Mixed Platforms.ActiveCfg = Release|Any CPU
		{B1AF44E8-9277-4131-ABF4-D13C67E5FB10}.Release|Mixed Platforms.Build.0 = Release|Any CPU
		{B1AF44E8-9277-4131-ABF4-D13C67E5FB10}.Release|Win32.ActiveCfg = Release|Any CPU
		{B1AF44E8-9277-4131-ABF4-D13C67E5FB10}.TEST|Any CPU.ActiveCfg = Release|Any CPU
		{B1AF44E8-9277-4131-ABF4-D13C67E5FB10}.TEST|Any CPU.Build.0 = Release|Any CPU
		{B1AF44E8-9277-4131-ABF4-D13C67E5FB10}.TEST|Mixed Platforms.ActiveCfg = Release|Any CPU
		{B1AF44E8-9277-4131-ABF4-D13C67E5FB10}.TEST|Mixed Platforms.Build.0 = Release|Any CPU
		{B1AF44E8-9277-4131-ABF4-D13C67E5FB10}.TEST|Win32.ActiveCfg = Release|Any CPU
		{94BFA44A-F4D0-4605-88E6-3ADD498F5E16}.Debug|Any CPU.ActiveCfg = Debug|Any CPU
		{94BFA44A-F4D0-4605-88E6-3ADD498F5E16}.Debug|Any CPU.Build.0 = Debug|Any CPU
		{94BFA44A-F4D0-4605-88E6-3ADD498F5E16}.Debug|Mixed Platforms.ActiveCfg = Debug|Any CPU
		{94BFA44A-F4D0-4605-88E6-3ADD498F5E16}.Debug|Mixed Platforms.Build.0 = Debug|Any CPU
		{94BFA44A-F4D0-4605-88E6-3ADD498F5E16}.Debug|Win32.ActiveCfg = Debug|Any CPU
		{94BFA44A-F4D0-4605-88E6-3ADD498F5E16}.Release|Any CPU.ActiveCfg = Release|Any CPU
		{94BFA44A-F4D0-4605-88E6-3ADD498F5E16}.Release|Any CPU.Build.0 = Release|Any CPU
		{94BFA44A-F4D0-4605-88E6-3ADD498F5E16}.Release|Mixed Platforms.ActiveCfg = Release|Any CPU
		{94BFA44A-F4D0-4605-88E6-3ADD498F5E16}.Release|Mixed Platforms.Build.0 = Release|Any CPU
		{94BFA44A-F4D0-4605-88E6-3ADD498F5E16}.Release|Win32.ActiveCfg = Release|Any CPU
		{94BFA44A-F4D0-4605-88E6-3ADD498F5E16}.TEST|Any CPU.ActiveCfg = Release|Any CPU
		{94BFA44A-F4D0-4605-88E6-3ADD498F5E16}.TEST|Any CPU.Build.0 = Release|Any CPU
		{94BFA44A-F4D0-4605-88E6-3ADD498F5E16}.TEST|Mixed Platforms.ActiveCfg = Release|Any CPU
		{94BFA44A-F4D0-4605-88E6-3ADD498F5E16}.TEST|Mixed Platforms.Build.0 = Release|Any CPU
		{94BFA44A-F4D0-4605-88E6-3ADD498F5E16}.TEST|Win32.ActiveCfg = Release|Any CPU
		{3814F627-858A-42A3-9AAF-CD649413F2A8}.Debug|Any CPU.ActiveCfg = Debug|Any CPU
		{3814F627-858A-42A3-9AAF-CD649413F2A8}.Debug|Any CPU.Build.0 = Debug|Any CPU
		{3814F627-858A-42A3-9AAF-CD649413F2A8}.Debug|Mixed Platforms.ActiveCfg = Debug|Any CPU
		{3814F627-858A-42A3-9AAF-CD649413F2A8}.Debug|Mixed Platforms.Build.0 = Debug|Any CPU
		{3814F627-858A-42A3-9AAF-CD649413F2A8}.Debug|Win32.ActiveCfg = Debug|Any CPU
		{3814F627-858A-42A3-9AAF-CD649413F2A8}.Release|Any CPU.ActiveCfg = Release|Any CPU
		{3814F627-858A-42A3-9AAF-CD649413F2A8}.Release|Any CPU.Build.0 = Release|Any CPU
		{3814F627-858A-42A3-9AAF-CD649413F2A8}.Release|Mixed Platforms.ActiveCfg = Release|Any CPU
		{3814F627-858A-42A3-9AAF-CD649413F2A8}.Release|Mixed Platforms.Build.0 = Release|Any CPU
		{3814F627-858A-42A3-9AAF-CD649413F2A8}.Release|Win32.ActiveCfg = Release|Any CPU
		{3814F627-858A-42A3-9AAF-CD649413F2A8}.TEST|Any CPU.ActiveCfg = Release|Any CPU
		{3814F627-858A-42A3-9AAF-CD649413F2A8}.TEST|Any CPU.Build.0 = Release|Any CPU
		{3814F627-858A-42A3-9AAF-CD649413F2A8}.TEST|Mixed Platforms.ActiveCfg = Release|Any CPU
		{3814F627-858A-42A3-9AAF-CD649413F2A8}.TEST|Mixed Platforms.Build.0 = Release|Any CPU
		{3814F627-858A-42A3-9AAF-CD649413F2A8}.TEST|Win32.ActiveCfg = Release|Any CPU
		{909AD284-7020-4FA9-A55E-7C633A641724}.Debug|Any CPU.ActiveCfg = Debug|Any CPU
		{909AD284-7020-4FA9-A55E-7C633A641724}.Debug|Any CPU.Build.0 = Debug|Any CPU
		{909AD284-7020-4FA9-A55E-7C633A641724}.Debug|Mixed Platforms.ActiveCfg = Debug|Any CPU
		{909AD284-7020-4FA9-A55E-7C633A641724}.Debug|Mixed Platforms.Build.0 = Debug|Any CPU
		{909AD284-7020-4FA9-A55E-7C633A641724}.Debug|Win32.ActiveCfg = Debug|Any CPU
		{909AD284-7020-4FA9-A55E-7C633A641724}.Release|Any CPU.ActiveCfg = Release|Any CPU
		{909AD284-7020-4FA9-A55E-7C633A641724}.Release|Any CPU.Build.0 = Release|Any CPU
		{909AD284-7020-4FA9-A55E-7C633A641724}.Release|Mixed Platforms.ActiveCfg = Release|Any CPU
		{909AD284-7020-4FA9-A55E-7C633A641724}.Release|Mixed Platforms.Build.0 = Release|Any CPU
		{909AD284-7020-4FA9-A55E-7C633A641724}.Release|Win32.ActiveCfg = Release|Any CPU
		{909AD284-7020-4FA9-A55E-7C633A641724}.TEST|Any CPU.ActiveCfg = Release|Any CPU
		{909AD284-7020-4FA9-A55E-7C633A641724}.TEST|Any CPU.Build.0 = Release|Any CPU
		{909AD284-7020-4FA9-A55E-7C633A641724}.TEST|Mixed Platforms.ActiveCfg = Release|Any CPU
		{909AD284-7020-4FA9-A55E-7C633A641724}.TEST|Mixed Platforms.Build.0 = Release|Any CPU
		{909AD284-7020-4FA9-A55E-7C633A641724}.TEST|Win32.ActiveCfg = Release|Any CPU
		{D3C782BA-178E-4235-A3BA-8C11DEBB6BEE}.Debug|Any CPU.ActiveCfg = Debug|Any CPU
		{D3C782BA-178E-4235-A3BA-8C11DEBB6BEE}.Debug|Any CPU.Build.0 = Debug|Any CPU
		{D3C782BA-178E-4235-A3BA-8C11DEBB6BEE}.Debug|Mixed Platforms.ActiveCfg = Debug|Any CPU
		{D3C782BA-178E-4235-A3BA-8C11DEBB6BEE}.Debug|Mixed Platforms.Build.0 = Debug|Any CPU
		{D3C782BA-178E-4235-A3BA-8C11DEBB6BEE}.Debug|Win32.ActiveCfg = Debug|Any CPU
		{D3C782BA-178E-4235-A3BA-8C11DEBB6BEE}.Release|Any CPU.ActiveCfg = Release|Any CPU
		{D3C782BA-178E-4235-A3BA-8C11DEBB6BEE}.Release|Any CPU.Build.0 = Release|Any CPU
		{D3C782BA-178E-4235-A3BA-8C11DEBB6BEE}.Release|Mixed Platforms.ActiveCfg = Release|Any CPU
		{D3C782BA-178E-4235-A3BA-8C11DEBB6BEE}.Release|Mixed Platforms.Build.0 = Release|Any CPU
		{D3C782BA-178E-4235-A3BA-8C11DEBB6BEE}.Release|Win32.ActiveCfg = Release|Any CPU
		{D3C782BA-178E-4235-A3BA-8C11DEBB6BEE}.TEST|Any CPU.ActiveCfg = Release|Any CPU
		{D3C782BA-178E-4235-A3BA-8C11DEBB6BEE}.TEST|Any CPU.Build.0 = Release|Any CPU
		{D3C782BA-178E-4235-A3BA-8C11DEBB6BEE}.TEST|Mixed Platforms.ActiveCfg = Release|Any CPU
		{D3C782BA-178E-4235-A3BA-8C11DEBB6BEE}.TEST|Mixed Platforms.Build.0 = Release|Any CPU
		{D3C782BA-178E-4235-A3BA-8C11DEBB6BEE}.TEST|Win32.ActiveCfg = Release|Any CPU
		{582EB5E5-75F1-4BD4-8CDB-AEC5F9E201B2}.Debug|Any CPU.ActiveCfg = Debug|Any CPU
		{582EB5E5-75F1-4BD4-8CDB-AEC5F9E201B2}.Debug|Any CPU.Build.0 = Debug|Any CPU
		{582EB5E5-75F1-4BD4-8CDB-AEC5F9E201B2}.Debug|Mixed Platforms.ActiveCfg = Debug|Any CPU
		{582EB5E5-75F1-4BD4-8CDB-AEC5F9E201B2}.Debug|Mixed Platforms.Build.0 = Debug|Any CPU
		{582EB5E5-75F1-4BD4-8CDB-AEC5F9E201B2}.Debug|Win32.ActiveCfg = Debug|Any CPU
		{582EB5E5-75F1-4BD4-8CDB-AEC5F9E201B2}.Release|Any CPU.ActiveCfg = Release|Any CPU
		{582EB5E5-75F1-4BD4-8CDB-AEC5F9E201B2}.Release|Any CPU.Build.0 = Release|Any CPU
		{582EB5E5-75F1-4BD4-8CDB-AEC5F9E201B2}.Release|Mixed Platforms.ActiveCfg = Release|Any CPU
		{582EB5E5-75F1-4BD4-8CDB-AEC5F9E201B2}.Release|Mixed Platforms.Build.0 = Release|Any CPU
		{582EB5E5-75F1-4BD4-8CDB-AEC5F9E201B2}.Release|Win32.ActiveCfg = Release|Any CPU
		{582EB5E5-75F1-4BD4-8CDB-AEC5F9E201B2}.TEST|Any CPU.ActiveCfg = Release|Any CPU
		{582EB5E5-75F1-4BD4-8CDB-AEC5F9E201B2}.TEST|Any CPU.Build.0 = Release|Any CPU
		{582EB5E5-75F1-4BD4-8CDB-AEC5F9E201B2}.TEST|Mixed Platforms.ActiveCfg = Release|Any CPU
		{582EB5E5-75F1-4BD4-8CDB-AEC5F9E201B2}.TEST|Mixed Platforms.Build.0 = Release|Any CPU
		{582EB5E5-75F1-4BD4-8CDB-AEC5F9E201B2}.TEST|Win32.ActiveCfg = Release|Any CPU
		{DAA87377-3E4B-4FE2-B932-D4DC38526FFF}.Debug|Any CPU.ActiveCfg = Debug|Any CPU
		{DAA87377-3E4B-4FE2-B932-D4DC38526FFF}.Debug|Any CPU.Build.0 = Debug|Any CPU
		{DAA87377-3E4B-4FE2-B932-D4DC38526FFF}.Debug|Mixed Platforms.ActiveCfg = Debug|Any CPU
		{DAA87377-3E4B-4FE2-B932-D4DC38526FFF}.Debug|Mixed Platforms.Build.0 = Debug|Any CPU
		{DAA87377-3E4B-4FE2-B932-D4DC38526FFF}.Debug|Win32.ActiveCfg = Debug|Any CPU
		{DAA87377-3E4B-4FE2-B932-D4DC38526FFF}.Release|Any CPU.ActiveCfg = Release|Any CPU
		{DAA87377-3E4B-4FE2-B932-D4DC38526FFF}.Release|Any CPU.Build.0 = Release|Any CPU
		{DAA87377-3E4B-4FE2-B932-D4DC38526FFF}.Release|Mixed Platforms.ActiveCfg = Release|Any CPU
		{DAA87377-3E4B-4FE2-B932-D4DC38526FFF}.Release|Mixed Platforms.Build.0 = Release|Any CPU
		{DAA87377-3E4B-4FE2-B932-D4DC38526FFF}.Release|Win32.ActiveCfg = Release|Any CPU
		{DAA87377-3E4B-4FE2-B932-D4DC38526FFF}.TEST|Any CPU.ActiveCfg = Release|Any CPU
		{DAA87377-3E4B-4FE2-B932-D4DC38526FFF}.TEST|Any CPU.Build.0 = Release|Any CPU
		{DAA87377-3E4B-4FE2-B932-D4DC38526FFF}.TEST|Mixed Platforms.ActiveCfg = Release|Any CPU
		{DAA87377-3E4B-4FE2-B932-D4DC38526FFF}.TEST|Mixed Platforms.Build.0 = Release|Any CPU
		{DAA87377-3E4B-4FE2-B932-D4DC38526FFF}.TEST|Win32.ActiveCfg = Release|Any CPU
		{3F43BAB0-22B4-4FD6-9655-8BA214A093A5}.Debug|Any CPU.ActiveCfg = Debug|Any CPU
		{3F43BAB0-22B4-4FD6-9655-8BA214A093A5}.Debug|Any CPU.Build.0 = Debug|Any CPU
		{3F43BAB0-22B4-4FD6-9655-8BA214A093A5}.Debug|Mixed Platforms.ActiveCfg = Debug|Any CPU
		{3F43BAB0-22B4-4FD6-9655-8BA214A093A5}.Debug|Mixed Platforms.Build.0 = Debug|Any CPU
		{3F43BAB0-22B4-4FD6-9655-8BA214A093A5}.Debug|Win32.ActiveCfg = Debug|Any CPU
		{3F43BAB0-22B4-4FD6-9655-8BA214A093A5}.Release|Any CPU.ActiveCfg = Release|Any CPU
		{3F43BAB0-22B4-4FD6-9655-8BA214A093A5}.Release|Any CPU.Build.0 = Release|Any CPU
		{3F43BAB0-22B4-4FD6-9655-8BA214A093A5}.Release|Mixed Platforms.ActiveCfg = Release|Any CPU
		{3F43BAB0-22B4-4FD6-9655-8BA214A093A5}.Release|Mixed Platforms.Build.0 = Release|Any CPU
		{3F43BAB0-22B4-4FD6-9655-8BA214A093A5}.Release|Win32.ActiveCfg = Release|Any CPU
		{3F43BAB0-22B4-4FD6-9655-8BA214A093A5}.TEST|Any CPU.ActiveCfg = Release|Any CPU
		{3F43BAB0-22B4-4FD6-9655-8BA214A093A5}.TEST|Any CPU.Build.0 = Release|Any CPU
		{3F43BAB0-22B4-4FD6-9655-8BA214A093A5}.TEST|Mixed Platforms.ActiveCfg = Release|Any CPU
		{3F43BAB0-22B4-4FD6-9655-8BA214A093A5}.TEST|Mixed Platforms.Build.0 = Release|Any CPU
		{3F43BAB0-22B4-4FD6-9655-8BA214A093A5}.TEST|Win32.ActiveCfg = Release|Any CPU
		{A72D738D-B07F-4920-B4E7-543D18967FBF}.Debug|Any CPU.ActiveCfg = Debug|Any CPU
		{A72D738D-B07F-4920-B4E7-543D18967FBF}.Debug|Any CPU.Build.0 = Debug|Any CPU
		{A72D738D-B07F-4920-B4E7-543D18967FBF}.Debug|Mixed Platforms.ActiveCfg = Debug|Any CPU
		{A72D738D-B07F-4920-B4E7-543D18967FBF}.Debug|Mixed Platforms.Build.0 = Debug|Any CPU
		{A72D738D-B07F-4920-B4E7-543D18967FBF}.Debug|Win32.ActiveCfg = Debug|Any CPU
		{A72D738D-B07F-4920-B4E7-543D18967FBF}.Release|Any CPU.ActiveCfg = Release|Any CPU
		{A72D738D-B07F-4920-B4E7-543D18967FBF}.Release|Any CPU.Build.0 = Release|Any CPU
		{A72D738D-B07F-4920-B4E7-543D18967FBF}.Release|Mixed Platforms.ActiveCfg = Release|Any CPU
		{A72D738D-B07F-4920-B4E7-543D18967FBF}.Release|Mixed Platforms.Build.0 = Release|Any CPU
		{A72D738D-B07F-4920-B4E7-543D18967FBF}.Release|Win32.ActiveCfg = Release|Any CPU
		{A72D738D-B07F-4920-B4E7-543D18967FBF}.TEST|Any CPU.ActiveCfg = Release|Any CPU
		{A72D738D-B07F-4920-B4E7-543D18967FBF}.TEST|Any CPU.Build.0 = Release|Any CPU
		{A72D738D-B07F-4920-B4E7-543D18967FBF}.TEST|Mixed Platforms.ActiveCfg = Release|Any CPU
		{A72D738D-B07F-4920-B4E7-543D18967FBF}.TEST|Mixed Platforms.Build.0 = Release|Any CPU
		{A72D738D-B07F-4920-B4E7-543D18967FBF}.TEST|Win32.ActiveCfg = Release|Any CPU
		{0E253078-0AFA-4B69-B27A-001B96735D60}.Debug|Any CPU.ActiveCfg = Debug|Any CPU
		{0E253078-0AFA-4B69-B27A-001B96735D60}.Debug|Any CPU.Build.0 = Debug|Any CPU
		{0E253078-0AFA-4B69-B27A-001B96735D60}.Debug|Mixed Platforms.ActiveCfg = Debug|Any CPU
		{0E253078-0AFA-4B69-B27A-001B96735D60}.Debug|Mixed Platforms.Build.0 = Debug|Any CPU
		{0E253078-0AFA-4B69-B27A-001B96735D60}.Debug|Win32.ActiveCfg = Debug|Any CPU
		{0E253078-0AFA-4B69-B27A-001B96735D60}.Release|Any CPU.ActiveCfg = Release|Any CPU
		{0E253078-0AFA-4B69-B27A-001B96735D60}.Release|Any CPU.Build.0 = Release|Any CPU
		{0E253078-0AFA-4B69-B27A-001B96735D60}.Release|Mixed Platforms.ActiveCfg = Release|Any CPU
		{0E253078-0AFA-4B69-B27A-001B96735D60}.Release|Mixed Platforms.Build.0 = Release|Any CPU
		{0E253078-0AFA-4B69-B27A-001B96735D60}.Release|Win32.ActiveCfg = Release|Any CPU
		{0E253078-0AFA-4B69-B27A-001B96735D60}.TEST|Any CPU.ActiveCfg = Release|Any CPU
		{0E253078-0AFA-4B69-B27A-001B96735D60}.TEST|Any CPU.Build.0 = Release|Any CPU
		{0E253078-0AFA-4B69-B27A-001B96735D60}.TEST|Mixed Platforms.ActiveCfg = Release|Any CPU
		{0E253078-0AFA-4B69-B27A-001B96735D60}.TEST|Mixed Platforms.Build.0 = Release|Any CPU
		{0E253078-0AFA-4B69-B27A-001B96735D60}.TEST|Win32.ActiveCfg = Release|Any CPU
		{C75532C4-765B-418E-B09B-46D36B2ABDB1}.Debug|Any CPU.ActiveCfg = Debug|Any CPU
		{C75532C4-765B-418E-B09B-46D36B2ABDB1}.Debug|Any CPU.Build.0 = Debug|Any CPU
		{C75532C4-765B-418E-B09B-46D36B2ABDB1}.Debug|Mixed Platforms.ActiveCfg = Debug|Any CPU
		{C75532C4-765B-418E-B09B-46D36B2ABDB1}.Debug|Mixed Platforms.Build.0 = Debug|Any CPU
		{C75532C4-765B-418E-B09B-46D36B2ABDB1}.Debug|Win32.ActiveCfg = Debug|Any CPU
		{C75532C4-765B-418E-B09B-46D36B2ABDB1}.Release|Any CPU.ActiveCfg = Release|Any CPU
		{C75532C4-765B-418E-B09B-46D36B2ABDB1}.Release|Any CPU.Build.0 = Release|Any CPU
		{C75532C4-765B-418E-B09B-46D36B2ABDB1}.Release|Mixed Platforms.ActiveCfg = Release|Any CPU
		{C75532C4-765B-418E-B09B-46D36B2ABDB1}.Release|Mixed Platforms.Build.0 = Release|Any CPU
		{C75532C4-765B-418E-B09B-46D36B2ABDB1}.Release|Win32.ActiveCfg = Release|Any CPU
		{C75532C4-765B-418E-B09B-46D36B2ABDB1}.TEST|Any CPU.ActiveCfg = Release|Any CPU
		{C75532C4-765B-418E-B09B-46D36B2ABDB1}.TEST|Any CPU.Build.0 = Release|Any CPU
		{C75532C4-765B-418E-B09B-46D36B2ABDB1}.TEST|Mixed Platforms.ActiveCfg = Release|Any CPU
		{C75532C4-765B-418E-B09B-46D36B2ABDB1}.TEST|Mixed Platforms.Build.0 = Release|Any CPU
		{C75532C4-765B-418E-B09B-46D36B2ABDB1}.TEST|Win32.ActiveCfg = Release|Any CPU
		{EA8683D3-A5EF-44CB-B370-ACE8960A1BF7}.Debug|Any CPU.ActiveCfg = Debug|Any CPU
		{EA8683D3-A5EF-44CB-B370-ACE8960A1BF7}.Debug|Any CPU.Build.0 = Debug|Any CPU
		{EA8683D3-A5EF-44CB-B370-ACE8960A1BF7}.Debug|Mixed Platforms.ActiveCfg = Debug|Any CPU
		{EA8683D3-A5EF-44CB-B370-ACE8960A1BF7}.Debug|Mixed Platforms.Build.0 = Debug|Any CPU
		{EA8683D3-A5EF-44CB-B370-ACE8960A1BF7}.Debug|Win32.ActiveCfg = Debug|Any CPU
		{EA8683D3-A5EF-44CB-B370-ACE8960A1BF7}.Release|Any CPU.ActiveCfg = Release|Any CPU
		{EA8683D3-A5EF-44CB-B370-ACE8960A1BF7}.Release|Any CPU.Build.0 = Release|Any CPU
		{EA8683D3-A5EF-44CB-B370-ACE8960A1BF7}.Release|Mixed Platforms.ActiveCfg = Release|Any CPU
		{EA8683D3-A5EF-44CB-B370-ACE8960A1BF7}.Release|Mixed Platforms.Build.0 = Release|Any CPU
		{EA8683D3-A5EF-44CB-B370-ACE8960A1BF7}.Release|Win32.ActiveCfg = Release|Any CPU
		{EA8683D3-A5EF-44CB-B370-ACE8960A1BF7}.TEST|Any CPU.ActiveCfg = Release|Any CPU
		{EA8683D3-A5EF-44CB-B370-ACE8960A1BF7}.TEST|Any CPU.Build.0 = Release|Any CPU
		{EA8683D3-A5EF-44CB-B370-ACE8960A1BF7}.TEST|Mixed Platforms.ActiveCfg = Release|Any CPU
		{EA8683D3-A5EF-44CB-B370-ACE8960A1BF7}.TEST|Mixed Platforms.Build.0 = Release|Any CPU
		{EA8683D3-A5EF-44CB-B370-ACE8960A1BF7}.TEST|Win32.ActiveCfg = Release|Any CPU
		{99E82EFE-83F9-421E-880B-AE94D54BB44C}.Debug|Any CPU.ActiveCfg = Debug|Any CPU
		{99E82EFE-83F9-421E-880B-AE94D54BB44C}.Debug|Any CPU.Build.0 = Debug|Any CPU
		{99E82EFE-83F9-421E-880B-AE94D54BB44C}.Debug|Mixed Platforms.ActiveCfg = Debug|Any CPU
		{99E82EFE-83F9-421E-880B-AE94D54BB44C}.Debug|Mixed Platforms.Build.0 = Debug|Any CPU
		{99E82EFE-83F9-421E-880B-AE94D54BB44C}.Debug|Win32.ActiveCfg = Debug|Any CPU
		{99E82EFE-83F9-421E-880B-AE94D54BB44C}.Release|Any CPU.ActiveCfg = Release|Any CPU
		{99E82EFE-83F9-421E-880B-AE94D54BB44C}.Release|Any CPU.Build.0 = Release|Any CPU
		{99E82EFE-83F9-421E-880B-AE94D54BB44C}.Release|Mixed Platforms.ActiveCfg = Release|Any CPU
		{99E82EFE-83F9-421E-880B-AE94D54BB44C}.Release|Mixed Platforms.Build.0 = Release|Any CPU
		{99E82EFE-83F9-421E-880B-AE94D54BB44C}.Release|Win32.ActiveCfg = Release|Any CPU
		{99E82EFE-83F9-421E-880B-AE94D54BB44C}.TEST|Any CPU.ActiveCfg = Release|Any CPU
		{99E82EFE-83F9-421E-880B-AE94D54BB44C}.TEST|Any CPU.Build.0 = Release|Any CPU
		{99E82EFE-83F9-421E-880B-AE94D54BB44C}.TEST|Mixed Platforms.ActiveCfg = Release|Any CPU
		{99E82EFE-83F9-421E-880B-AE94D54BB44C}.TEST|Mixed Platforms.Build.0 = Release|Any CPU
		{99E82EFE-83F9-421E-880B-AE94D54BB44C}.TEST|Win32.ActiveCfg = Release|Any CPU
		{6177939E-990C-4D8B-8A41-B9EFA8D43A04}.Debug|Any CPU.ActiveCfg = Debug|Any CPU
		{6177939E-990C-4D8B-8A41-B9EFA8D43A04}.Debug|Any CPU.Build.0 = Debug|Any CPU
		{6177939E-990C-4D8B-8A41-B9EFA8D43A04}.Debug|Mixed Platforms.ActiveCfg = Debug|Any CPU
		{6177939E-990C-4D8B-8A41-B9EFA8D43A04}.Debug|Mixed Platforms.Build.0 = Debug|Any CPU
		{6177939E-990C-4D8B-8A41-B9EFA8D43A04}.Debug|Win32.ActiveCfg = Debug|Any CPU
		{6177939E-990C-4D8B-8A41-B9EFA8D43A04}.Release|Any CPU.ActiveCfg = Release|Any CPU
		{6177939E-990C-4D8B-8A41-B9EFA8D43A04}.Release|Any CPU.Build.0 = Release|Any CPU
		{6177939E-990C-4D8B-8A41-B9EFA8D43A04}.Release|Mixed Platforms.ActiveCfg = Release|Any CPU
		{6177939E-990C-4D8B-8A41-B9EFA8D43A04}.Release|Mixed Platforms.Build.0 = Release|Any CPU
		{6177939E-990C-4D8B-8A41-B9EFA8D43A04}.Release|Win32.ActiveCfg = Release|Any CPU
		{6177939E-990C-4D8B-8A41-B9EFA8D43A04}.TEST|Any CPU.ActiveCfg = Release|Any CPU
		{6177939E-990C-4D8B-8A41-B9EFA8D43A04}.TEST|Any CPU.Build.0 = Release|Any CPU
		{6177939E-990C-4D8B-8A41-B9EFA8D43A04}.TEST|Mixed Platforms.ActiveCfg = Release|Any CPU
		{6177939E-990C-4D8B-8A41-B9EFA8D43A04}.TEST|Mixed Platforms.Build.0 = Release|Any CPU
		{6177939E-990C-4D8B-8A41-B9EFA8D43A04}.TEST|Win32.ActiveCfg = Release|Any CPU
		{A9AF2EDB-4896-43D2-95A2-D8C881CA8C05}.Debug|Any CPU.ActiveCfg = Debug|Win32
		{A9AF2EDB-4896-43D2-95A2-D8C881CA8C05}.Debug|Any CPU.Build.0 = Debug|Win32
		{A9AF2EDB-4896-43D2-95A2-D8C881CA8C05}.Debug|Mixed Platforms.ActiveCfg = Debug|Win32
		{A9AF2EDB-4896-43D2-95A2-D8C881CA8C05}.Debug|Mixed Platforms.Build.0 = Debug|Win32
		{A9AF2EDB-4896-43D2-95A2-D8C881CA8C05}.Debug|Win32.ActiveCfg = Debug|Win32
		{A9AF2EDB-4896-43D2-95A2-D8C881CA8C05}.Debug|Win32.Build.0 = Debug|Win32
		{A9AF2EDB-4896-43D2-95A2-D8C881CA8C05}.Release|Any CPU.ActiveCfg = Release|Win32
		{A9AF2EDB-4896-43D2-95A2-D8C881CA8C05}.Release|Any CPU.Build.0 = Release|Win32
		{A9AF2EDB-4896-43D2-95A2-D8C881CA8C05}.Release|Mixed Platforms.ActiveCfg = Release|Win32
		{A9AF2EDB-4896-43D2-95A2-D8C881CA8C05}.Release|Mixed Platforms.Build.0 = Release|Win32
		{A9AF2EDB-4896-43D2-95A2-D8C881CA8C05}.Release|Win32.ActiveCfg = Release|Win32
		{A9AF2EDB-4896-43D2-95A2-D8C881CA8C05}.Release|Win32.Build.0 = Release|Win32
		{A9AF2EDB-4896-43D2-95A2-D8C881CA8C05}.TEST|Any CPU.ActiveCfg = Release|Win32
		{A9AF2EDB-4896-43D2-95A2-D8C881CA8C05}.TEST|Mixed Platforms.ActiveCfg = Release|Win32
		{A9AF2EDB-4896-43D2-95A2-D8C881CA8C05}.TEST|Mixed Platforms.Build.0 = Release|Win32
		{A9AF2EDB-4896-43D2-95A2-D8C881CA8C05}.TEST|Win32.ActiveCfg = Release|Win32
		{A9AF2EDB-4896-43D2-95A2-D8C881CA8C05}.TEST|Win32.Build.0 = Release|Win32
		{6DD247B6-0F0F-428D-A122-1F4E06ABD493}.Debug|Any CPU.ActiveCfg = Debug|Win32
		{6DD247B6-0F0F-428D-A122-1F4E06ABD493}.Debug|Mixed Platforms.ActiveCfg = Debug|Win32
		{6DD247B6-0F0F-428D-A122-1F4E06ABD493}.Debug|Mixed Platforms.Build.0 = Debug|Win32
		{6DD247B6-0F0F-428D-A122-1F4E06ABD493}.Debug|Win32.ActiveCfg = Debug|Win32
		{6DD247B6-0F0F-428D-A122-1F4E06ABD493}.Debug|Win32.Build.0 = Debug|Win32
		{6DD247B6-0F0F-428D-A122-1F4E06ABD493}.Release|Any CPU.ActiveCfg = Release|Win32
		{6DD247B6-0F0F-428D-A122-1F4E06ABD493}.Release|Mixed Platforms.ActiveCfg = Release|Win32
		{6DD247B6-0F0F-428D-A122-1F4E06ABD493}.Release|Mixed Platforms.Build.0 = Release|Win32
		{6DD247B6-0F0F-428D-A122-1F4E06ABD493}.Release|Win32.ActiveCfg = Release|Win32
		{6DD247B6-0F0F-428D-A122-1F4E06ABD493}.Release|Win32.Build.0 = Release|Win32
		{6DD247B6-0F0F-428D-A122-1F4E06ABD493}.TEST|Any CPU.ActiveCfg = Release|Win32
		{6DD247B6-0F0F-428D-A122-1F4E06ABD493}.TEST|Mixed Platforms.ActiveCfg = Release|Win32
		{6DD247B6-0F0F-428D-A122-1F4E06ABD493}.TEST|Mixed Platforms.Build.0 = Release|Win32
		{6DD247B6-0F0F-428D-A122-1F4E06ABD493}.TEST|Win32.ActiveCfg = Release|Win32
		{6DD247B6-0F0F-428D-A122-1F4E06ABD493}.TEST|Win32.Build.0 = Release|Win32
		{136921E7-A856-4522-8F2C-A04238A5225F}.Debug|Any CPU.ActiveCfg = Debug|Win32
		{136921E7-A856-4522-8F2C-A04238A5225F}.Debug|Any CPU.Build.0 = Debug|Win32
		{136921E7-A856-4522-8F2C-A04238A5225F}.Debug|Mixed Platforms.ActiveCfg = Debug|Win32
		{136921E7-A856-4522-8F2C-A04238A5225F}.Debug|Mixed Platforms.Build.0 = Debug|Win32
		{136921E7-A856-4522-8F2C-A04238A5225F}.Debug|Win32.ActiveCfg = Debug|Win32
		{136921E7-A856-4522-8F2C-A04238A5225F}.Debug|Win32.Build.0 = Debug|Win32
		{136921E7-A856-4522-8F2C-A04238A5225F}.Release|Any CPU.ActiveCfg = Release|Win32
		{136921E7-A856-4522-8F2C-A04238A5225F}.Release|Any CPU.Build.0 = Release|Win32
		{136921E7-A856-4522-8F2C-A04238A5225F}.Release|Mixed Platforms.ActiveCfg = Release|Win32
		{136921E7-A856-4522-8F2C-A04238A5225F}.Release|Mixed Platforms.Build.0 = Release|Win32
		{136921E7-A856-4522-8F2C-A04238A5225F}.Release|Win32.ActiveCfg = Release|Win32
		{136921E7-A856-4522-8F2C-A04238A5225F}.Release|Win32.Build.0 = Release|Win32
		{136921E7-A856-4522-8F2C-A04238A5225F}.TEST|Any CPU.ActiveCfg = Release|Win32
		{136921E7-A856-4522-8F2C-A04238A5225F}.TEST|Mixed Platforms.ActiveCfg = Release|Win32
		{136921E7-A856-4522-8F2C-A04238A5225F}.TEST|Mixed Platforms.Build.0 = Release|Win32
		{136921E7-A856-4522-8F2C-A04238A5225F}.TEST|Win32.ActiveCfg = Release|Win32
		{136921E7-A856-4522-8F2C-A04238A5225F}.TEST|Win32.Build.0 = Release|Win32
	EndGlobalSection
	GlobalSection(SolutionProperties) = preSolution
		HideSolutionNode = FALSE
	EndGlobalSection
	GlobalSection(NestedProjects) = preSolution
		{6167FA83-EF44-4376-B955-1BB2ACCD2D88} = {1357E73F-ACE2-427D-9593-A08D58A06C86}
		{98BDC36E-7464-4A8A-9518-83ABDDDDDCAC} = {1357E73F-ACE2-427D-9593-A08D58A06C86}
		{9DBAB6F6-EA16-4889-AF2B-49C88BD70298} = {1357E73F-ACE2-427D-9593-A08D58A06C86}
		{9F357673-5041-467C-B97B-824AE4035542} = {1357E73F-ACE2-427D-9593-A08D58A06C86}
		{FECF7EDD-EED7-468B-8AA0-077E5B58B004} = {1357E73F-ACE2-427D-9593-A08D58A06C86}
		{A9DE5F2B-FF75-46D7-A117-E8716AE4FFCA} = {1357E73F-ACE2-427D-9593-A08D58A06C86}
		{EA8683D3-A5EF-44CB-B370-ACE8960A1BF7} = {1357E73F-ACE2-427D-9593-A08D58A06C86}
		{99E82EFE-83F9-421E-880B-AE94D54BB44C} = {1357E73F-ACE2-427D-9593-A08D58A06C86}
		{6177939E-990C-4D8B-8A41-B9EFA8D43A04} = {1357E73F-ACE2-427D-9593-A08D58A06C86}
		{BBD77471-F50D-4CFB-8C9C-0F84B31C62F2} = {6167FA83-EF44-4376-B955-1BB2ACCD2D88}
		{0E7413FF-EB9E-4714-ACF2-BE3A6A7B2FFD} = {6167FA83-EF44-4376-B955-1BB2ACCD2D88}
		{DD5D7FE9-85B6-4FF7-9E1B-6D64866DF300} = {6167FA83-EF44-4376-B955-1BB2ACCD2D88}
		{8A51C074-E560-43B4-8C82-8A054A84DB31} = {6167FA83-EF44-4376-B955-1BB2ACCD2D88}
		{C75532C4-765B-418E-B09B-46D36B2ABDB1} = {6167FA83-EF44-4376-B955-1BB2ACCD2D88}
		{0A82CC4C-9A27-461C-8DB0-A65AC6393748} = {DD5D7FE9-85B6-4FF7-9E1B-6D64866DF300}
		{F55CABBB-4108-4A39-94E1-581FD46DC021} = {DD5D7FE9-85B6-4FF7-9E1B-6D64866DF300}
		{94BFA44A-F4D0-4605-88E6-3ADD498F5E16} = {8A51C074-E560-43B4-8C82-8A054A84DB31}
		{3814F627-858A-42A3-9AAF-CD649413F2A8} = {8A51C074-E560-43B4-8C82-8A054A84DB31}
		{909AD284-7020-4FA9-A55E-7C633A641724} = {8A51C074-E560-43B4-8C82-8A054A84DB31}
		{D3C782BA-178E-4235-A3BA-8C11DEBB6BEE} = {8A51C074-E560-43B4-8C82-8A054A84DB31}
		{582EB5E5-75F1-4BD4-8CDB-AEC5F9E201B2} = {8A51C074-E560-43B4-8C82-8A054A84DB31}
		{DAA87377-3E4B-4FE2-B932-D4DC38526FFF} = {8A51C074-E560-43B4-8C82-8A054A84DB31}
		{3F43BAB0-22B4-4FD6-9655-8BA214A093A5} = {8A51C074-E560-43B4-8C82-8A054A84DB31}
		{A72D738D-B07F-4920-B4E7-543D18967FBF} = {8A51C074-E560-43B4-8C82-8A054A84DB31}
		{0E253078-0AFA-4B69-B27A-001B96735D60} = {8A51C074-E560-43B4-8C82-8A054A84DB31}
		{19F6AE08-D57E-4258-A7B5-0E4B9F09BFEF} = {F91F53A9-F12E-4BF8-9BA8-A1EE830EAB3C}
		{6DD247B6-0F0F-428D-A122-1F4E06ABD493} = {19F6AE08-D57E-4258-A7B5-0E4B9F09BFEF}
	EndGlobalSection
EndGlobal
